
Microsoft Visual Studio Solution File, Format Version 12.00
# Visual Studio Version 16
VisualStudioVersion = 16.0.29519.87
MinimumVisualStudioVersion = 10.0.40219.1
Project("{9A19103F-16F7-4668-BE54-9A1E7A4F7556}") = "OnlineFreelancinPlatform", "OnlineFreelancinPlatform.csproj", "{F6FE9AF0-2389-425F-99EA-2B3F6AC58708}"
EndProject
Global
	GlobalSection(SolutionConfigurationPlatforms) = preSolution
		Debug|Any CPU = Debug|Any CPU
		Release|Any CPU = Release|Any CPU
	EndGlobalSection
	GlobalSection(ProjectConfigurationPlatforms) = postSolution
		{F6FE9AF0-2389-425F-99EA-2B3F6AC58708}.Debug|Any CPU.ActiveCfg = Debug|Any CPU
		{F6FE9AF0-2389-425F-99EA-2B3F6AC58708}.Debug|Any CPU.Build.0 = Debug|Any CPU
		{F6FE9AF0-2389-425F-99EA-2B3F6AC58708}.Release|Any CPU.ActiveCfg = Release|Any CPU
		{F6FE9AF0-2389-425F-99EA-2B3F6AC58708}.Release|Any CPU.Build.0 = Release|Any CPU
	EndGlobalSection
	GlobalSection(SolutionProperties) = preSolution
		HideSolutionNode = FALSE
	EndGlobalSection
	GlobalSection(ExtensibilityGlobals) = postSolution
		SolutionGuid = {50FA6696-A638-4E55-8FC1-72C04A338C55}
	EndGlobalSection
EndGlobal
